
Microsoft Visual Studio Solution File, Format Version 12.00
# Visual Studio Version 17
VisualStudioVersion = 17.3.32825.248
MinimumVisualStudioVersion = 10.0.40219.1
Project("{FAE04EC0-301F-11D3-BF4B-00C04F79EFBC}") = "Week5LogicalOperators", "Week5LogicalOperators\Week5LogicalOperators.csproj", "{572B2A3D-001A-4E29-81A1-0BB20B27BC53}"
EndProject
Project("{FAE04EC0-301F-11D3-BF4B-00C04F79EFBC}") = "ANDOperator", "ANDOperator\ANDOperator.csproj", "{7A4A6926-69F2-4346-811C-19EA37D5A2F1}"
EndProject
Project("{FAE04EC0-301F-11D3-BF4B-00C04F79EFBC}") = "OROperator", "OROperator\OROperator.csproj", "{A151F563-4A91-42DB-8A78-4A338817D5DF}"
EndProject
Project("{FAE04EC0-301F-11D3-BF4B-00C04F79EFBC}") = "ANDRanges", "ANDRanges\ANDRanges.csproj", "{302249AF-0890-4712-8F93-288AD842B0CA}"
EndProject
Global
	GlobalSection(SolutionConfigurationPlatforms) = preSolution
		Debug|Any CPU = Debug|Any CPU
		Release|Any CPU = Release|Any CPU
	EndGlobalSection
	GlobalSection(ProjectConfigurationPlatforms) = postSolution
		{572B2A3D-001A-4E29-81A1-0BB20B27BC53}.Debug|Any CPU.ActiveCfg = Debug|Any CPU
		{572B2A3D-001A-4E29-81A1-0BB20B27BC53}.Debug|Any CPU.Build.0 = Debug|Any CPU
		{572B2A3D-001A-4E29-81A1-0BB20B27BC53}.Release|Any CPU.ActiveCfg = Release|Any CPU
		{572B2A3D-001A-4E29-81A1-0BB20B27BC53}.Release|Any CPU.Build.0 = Release|Any CPU
		{7A4A6926-69F2-4346-811C-19EA37D5A2F1}.Debug|Any CPU.ActiveCfg = Debug|Any CPU
		{7A4A6926-69F2-4346-811C-19EA37D5A2F1}.Debug|Any CPU.Build.0 = Debug|Any CPU
		{7A4A6926-69F2-4346-811C-19EA37D5A2F1}.Release|Any CPU.ActiveCfg = Release|Any CPU
		{7A4A6926-69F2-4346-811C-19EA37D5A2F1}.Release|Any CPU.Build.0 = Release|Any CPU
		{A151F563-4A91-42DB-8A78-4A338817D5DF}.Debug|Any CPU.ActiveCfg = Debug|Any CPU
		{A151F563-4A91-42DB-8A78-4A338817D5DF}.Debug|Any CPU.Build.0 = Debug|Any CPU
		{A151F563-4A91-42DB-8A78-4A338817D5DF}.Release|Any CPU.ActiveCfg = Release|Any CPU
		{A151F563-4A91-42DB-8A78-4A338817D5DF}.Release|Any CPU.Build.0 = Release|Any CPU
		{302249AF-0890-4712-8F93-288AD842B0CA}.Debug|Any CPU.ActiveCfg = Debug|Any CPU
		{302249AF-0890-4712-8F93-288AD842B0CA}.Debug|Any CPU.Build.0 = Debug|Any CPU
		{302249AF-0890-4712-8F93-288AD842B0CA}.Release|Any CPU.ActiveCfg = Release|Any CPU
		{302249AF-0890-4712-8F93-288AD842B0CA}.Release|Any CPU.Build.0 = Release|Any CPU
	EndGlobalSection
	GlobalSection(SolutionProperties) = preSolution
		HideSolutionNode = FALSE
	EndGlobalSection
	GlobalSection(ExtensibilityGlobals) = postSolution
		SolutionGuid = {92AA9F0C-10F7-475C-B607-63D2534A7010}
	EndGlobalSection
EndGlobal
